
Microsoft Visual Studio Solution File, Format Version 12.00
# Visual Studio Version 17
VisualStudioVersion = 17.13.35931.197
MinimumVisualStudioVersion = 10.0.40219.1
Project("{FAE04EC0-301F-11D3-BF4B-00C04F79EFBC}") = "NorthvilleUI", "NorthvilleUI\NorthvilleUI.csproj", "{442CD457-DD33-418B-8AC2-419EC19D58AA}"
EndProject
Global
	GlobalSection(SolutionConfigurationPlatforms) = preSolution
		Debug|Any CPU = Debug|Any CPU
		Release|Any CPU = Release|Any CPU
	EndGlobalSection
	GlobalSection(ProjectConfigurationPlatforms) = postSolution
		{442CD457-DD33-418B-8AC2-419EC19D58AA}.Debug|Any CPU.ActiveCfg = Debug|Any CPU
		{442CD457-DD33-418B-8AC2-419EC19D58AA}.Debug|Any CPU.Build.0 = Debug|Any CPU
		{442CD457-DD33-418B-8AC2-419EC19D58AA}.Release|Any CPU.ActiveCfg = Release|Any CPU
		{442CD457-DD33-418B-8AC2-419EC19D58AA}.Release|Any CPU.Build.0 = Release|Any CPU
	EndGlobalSection
	GlobalSection(SolutionProperties) = preSolution
		HideSolutionNode = FALSE
	EndGlobalSection
	GlobalSection(ExtensibilityGlobals) = postSolution
		SolutionGuid = {4E85B2CF-AFEF-44CB-BF31-B7A880DFD7E2}
	EndGlobalSection
EndGlobal
